
Microsoft Visual Studio Solution File, Format Version 12.00
# Visual Studio Version 17
VisualStudioVersion = 17.3.32929.385
MinimumVisualStudioVersion = 10.0.40219.1
Project("{FAE04EC0-301F-11D3-BF4B-00C04F79EFBC}") = "Task1", "Task1\Task1.csproj", "{B48834EF-0C4E-46D7-8653-FDAC7877B3CC}"
EndProject
Global
	GlobalSection(SolutionConfigurationPlatforms) = preSolution
		Debug|Any CPU = Debug|Any CPU
		Release|Any CPU = Release|Any CPU
	EndGlobalSection
	GlobalSection(ProjectConfigurationPlatforms) = postSolution
		{B48834EF-0C4E-46D7-8653-FDAC7877B3CC}.Debug|Any CPU.ActiveCfg = Debug|Any CPU
		{B48834EF-0C4E-46D7-8653-FDAC7877B3CC}.Debug|Any CPU.Build.0 = Debug|Any CPU
		{B48834EF-0C4E-46D7-8653-FDAC7877B3CC}.Release|Any CPU.ActiveCfg = Release|Any CPU
		{B48834EF-0C4E-46D7-8653-FDAC7877B3CC}.Release|Any CPU.Build.0 = Release|Any CPU
	EndGlobalSection
	GlobalSection(SolutionProperties) = preSolution
		HideSolutionNode = FALSE
	EndGlobalSection
	GlobalSection(ExtensibilityGlobals) = postSolution
		SolutionGuid = {AE218EC6-C9E7-4645-8A1C-A1E5A22BD634}
	EndGlobalSection
EndGlobal
